{
  "originHash" : "00ea1f21ec53ad991874ceb4cfa98e621a46129f348d27ec3bb358dd977a9be2",
  "pins" : [
    {
      "identity" : "cborcoding",
      "kind" : "remoteSourceControl",
      "location" : "https://github.com/SomeRandomiOSDev/CBORCoding",
      "state" : {
        "revision" : "6fbd643c64cf6ef7a98391820c372d05fa9ed9ab",
        "version" : "1.4.0"
      }
    },
    {
      "identity" : "half",
      "kind" : "remoteSourceControl",
      "location" : "https://github.com/SomeRandomiOSDev/Half",
      "state" : {
        "revision" : "14b1ab35ffdf62c999ef1016ec0f8e745a6feed5",
        "version" : "1.4.2"
      }
    }
  ],
  "version" : 3
}
